
Microsoft Visual Studio Solution File, Format Version 12.00
# Visual Studio Version 16
VisualStudioVersion = 16.0.29609.76
MinimumVisualStudioVersion = 10.0.40219.1
Project("{9A19103F-16F7-4668-BE54-9A1E7A4F7556}") = "RestCykelService", "RestCykelService\RestCykelService.csproj", "{F68672BB-1BDC-400F-BBDE-6E4C4668BCE3}"
EndProject
Global
	GlobalSection(SolutionConfigurationPlatforms) = preSolution
		Debug|Any CPU = Debug|Any CPU
		Release|Any CPU = Release|Any CPU
	EndGlobalSection
	GlobalSection(ProjectConfigurationPlatforms) = postSolution
		{F68672BB-1BDC-400F-BBDE-6E4C4668BCE3}.Debug|Any CPU.ActiveCfg = Debug|Any CPU
		{F68672BB-1BDC-400F-BBDE-6E4C4668BCE3}.Debug|Any CPU.Build.0 = Debug|Any CPU
		{F68672BB-1BDC-400F-BBDE-6E4C4668BCE3}.Release|Any CPU.ActiveCfg = Release|Any CPU
		{F68672BB-1BDC-400F-BBDE-6E4C4668BCE3}.Release|Any CPU.Build.0 = Release|Any CPU
	EndGlobalSection
	GlobalSection(SolutionProperties) = preSolution
		HideSolutionNode = FALSE
	EndGlobalSection
	GlobalSection(ExtensibilityGlobals) = postSolution
		SolutionGuid = {98D420A2-DFDE-49AA-B1C8-60A6DDE10034}
	EndGlobalSection
EndGlobal
